
Microsoft Visual Studio Solution File, Format Version 12.00
# Visual Studio 15
VisualStudioVersion = 15.0.28307.136
MinimumVisualStudioVersion = 10.0.40219.1
Project("{FAE04EC0-301F-11D3-BF4B-00C04F79EFBC}") = "InstanceManager", "InstanceManager\InstanceManager.csproj", "{DC29D5EF-2FDF-4579-BDE7-FBCE63DAA7F5}"
EndProject
Global
	GlobalSection(SolutionConfigurationPlatforms) = preSolution
		Debug|Any CPU = Debug|Any CPU
		Release|Any CPU = Release|Any CPU
	EndGlobalSection
	GlobalSection(ProjectConfigurationPlatforms) = postSolution
		{DC29D5EF-2FDF-4579-BDE7-FBCE63DAA7F5}.Debug|Any CPU.ActiveCfg = Debug|Any CPU
		{DC29D5EF-2FDF-4579-BDE7-FBCE63DAA7F5}.Debug|Any CPU.Build.0 = Debug|Any CPU
		{DC29D5EF-2FDF-4579-BDE7-FBCE63DAA7F5}.Release|Any CPU.ActiveCfg = Release|Any CPU
		{DC29D5EF-2FDF-4579-BDE7-FBCE63DAA7F5}.Release|Any CPU.Build.0 = Release|Any CPU
	EndGlobalSection
	GlobalSection(SolutionProperties) = preSolution
		HideSolutionNode = FALSE
	EndGlobalSection
	GlobalSection(ExtensibilityGlobals) = postSolution
		SolutionGuid = {16A26C0B-E9C3-4F09-A193-CCF654D1AEA0}
	EndGlobalSection
EndGlobal
